// !$*UTF8*$!
{
	archiveVersion = 1;
	classes = {
	};
	objectVersion = 51;
	objects = {

/* Begin PBXBuildFile section */
		7427F5FC48D7CD7FA54A0413 /* Pods_Image_Gallery.framework in Frameworks */ = {isa = PBXBuildFile; fileRef = FBCFF30F0D5463A0A308E6AD /* Pods_Image_Gallery.framework */; };
		D91219B9255D39C700139DF6 /* AppDelegate.swift in Sources */ = {isa = PBXBuildFile; fileRef = D91219B8255D39C700139DF6 /* AppDelegate.swift */; };
		D91219BB255D39C700139DF6 /* SceneDelegate.swift in Sources */ = {isa = PBXBuildFile; fileRef = D91219BA255D39C700139DF6 /* SceneDelegate.swift */; };
		D91219BD255D39C700139DF6 /* ViewController.swift in Sources */ = {isa = PBXBuildFile; fileRef = D91219BC255D39C700139DF6 /* ViewController.swift */; };
		D91219C0255D39C700139DF6 /* Main.storyboard in Resources */ = {isa = PBXBuildFile; fileRef = D91219BE255D39C700139DF6 /* Main.storyboard */; };
		D91219C3255D39C700139DF6 /* Image_Gallery.xcdatamodeld in Sources */ = {isa = PBXBuildFile; fileRef = D91219C1255D39C700139DF6 /* Image_Gallery.xcdatamodeld */; };
		D91219C5255D39C800139DF6 /* Assets.xcassets in Resources */ = {isa = PBXBuildFile; fileRef = D91219C4255D39C800139DF6 /* Assets.xcassets */; };
		D91219C8255D39C800139DF6 /* LaunchScreen.storyboard in Resources */ = {isa = PBXBuildFile; fileRef = D91219C6255D39C800139DF6 /* LaunchScreen.storyboard */; };
		D9774D2E255D40FC0052E564 /* AlbumCell.swift in Sources */ = {isa = PBXBuildFile; fileRef = D9774D2C255D40FC0052E564 /* AlbumCell.swift */; };
		D9774D2F255D40FC0052E564 /* AlbumCell.xib in Resources */ = {isa = PBXBuildFile; fileRef = D9774D2D255D40FC0052E564 /* AlbumCell.xib */; };
/* End PBXBuildFile section */

/* Begin PBXFileReference section */
		83ACB1CF5BFBF93BB08FCB8C /* Pods-Image Gallery.debug.xcconfig */ = {isa = PBXFileReference; includeInIndex = 1; lastKnownFileType = text.xcconfig; name = "Pods-Image Gallery.debug.xcconfig"; path = "Target Support Files/Pods-Image Gallery/Pods-Image Gallery.debug.xcconfig"; sourceTree = "<group>"; };
		A1CA427DFF8F897E2A3C6EEF /* Pods-Image Gallery.release.xcconfig */ = {isa = PBXFileReference; includeInIndex = 1; lastKnownFileType = text.xcconfig; name = "Pods-Image Gallery.release.xcconfig"; path = "Target Support Files/Pods-Image Gallery/Pods-Image Gallery.release.xcconfig"; sourceTree = "<group>"; };
		D91219B5255D39C700139DF6 /* Image Gallery.app */ = {isa = PBXFileReference; explicitFileType = wrapper.application; includeInIndex = 0; path = "Image Gallery.app"; sourceTree = BUILT_PRODUCTS_DIR; };
		D91219B8255D39C700139DF6 /* AppDelegate.swift */ = {isa = PBXFileReference; lastKnownFileType = sourcecode.swift; path = AppDelegate.swift; sourceTree = "<group>"; };
		D91219BA255D39C700139DF6 /* SceneDelegate.swift */ = {isa = PBXFileReference; lastKnownFileType = sourcecode.swift; path = SceneDelegate.swift; sourceTree = "<group>"; };
		D91219BC255D39C700139DF6 /* ViewController.swift */ = {isa = PBXFileReference; lastKnownFileType = sourcecode.swift; path = ViewController.swift; sourceTree = "<group>"; };
		D91219BF255D39C700139DF6 /* Base */ = {isa = PBXFileReference; lastKnownFileType = file.storyboard; name = Base; path = Base.lproj/Main.storyboard; sourceTree = "<group>"; };
		D91219C2255D39C700139DF6 /* Image_Gallery.xcdatamodel */ = {isa = PBXFileReference; lastKnownFileType = wrapper.xcdatamodel; path = Image_Gallery.xcdatamodel; sourceTree = "<group>"; };
		D91219C4255D39C800139DF6 /* Assets.xcassets */ = {isa = PBXFileReference; lastKnownFileType = folder.assetcatalog; path = Assets.xcassets; sourceTree = "<group>"; };
		D91219C7255D39C800139DF6 /* Base */ = {isa = PBXFileReference; lastKnownFileType = file.storyboard; name = Base; path = Base.lproj/LaunchScreen.storyboard; sourceTree = "<group>"; };
		D91219C9255D39C800139DF6 /* Info.plist */ = {isa = PBXFileReference; lastKnownFileType = text.plist.xml; path = Info.plist; sourceTree = "<group>"; };
		D9774D2C255D40FC0052E564 /* AlbumCell.swift */ = {isa = PBXFileReference; lastKnownFileType = sourcecode.swift; path = AlbumCell.swift; sourceTree = "<group>"; };
		D9774D2D255D40FC0052E564 /* AlbumCell.xib */ = {isa = PBXFileReference; lastKnownFileType = file.xib; path = AlbumCell.xib; sourceTree = "<group>"; };
		FBCFF30F0D5463A0A308E6AD /* Pods_Image_Gallery.framework */ = {isa = PBXFileReference; explicitFileType = wrapper.framework; includeInIndex = 0; path = Pods_Image_Gallery.framework; sourceTree = BUILT_PRODUCTS_DIR; };
/* End PBXFileReference section */

/* Begin PBXFrameworksBuildPhase section */
		D91219B2255D39C700139DF6 /* Frameworks */ = {
			isa = PBXFrameworksBuildPhase;
			buildActionMask = 2147483647;
			files = (
				7427F5FC48D7CD7FA54A0413 /* Pods_Image_Gallery.framework in Frameworks */,
			);
			runOnlyForDeploymentPostprocessing = 0;
		};
/* End PBXFrameworksBuildPhase section */

/* Begin PBXGroup section */
		08F3D3E494C107218A4E05A9 /* Frameworks */ = {
			isa = PBXGroup;
			children = (
				FBCFF30F0D5463A0A308E6AD /* Pods_Image_Gallery.framework */,
			);
			name = Frameworks;
			sourceTree = "<group>";
		};
		B2AC384982CD3D6D3E45E44B /* Pods */ = {
			isa = PBXGroup;
			children = (
				83ACB1CF5BFBF93BB08FCB8C /* Pods-Image Gallery.debug.xcconfig */,
				A1CA427DFF8F897E2A3C6EEF /* Pods-Image Gallery.release.xcconfig */,
			);
			path = Pods;
			sourceTree = "<group>";
		};
		D91219AC255D39C700139DF6 = {
			isa = PBXGroup;
			children = (
				D91219B7255D39C700139DF6 /* Image Gallery */,
				D91219B6255D39C700139DF6 /* Products */,
				B2AC384982CD3D6D3E45E44B /* Pods */,
				08F3D3E494C107218A4E05A9 /* Frameworks */,
			);
			sourceTree = "<group>";
		};
		D91219B6255D39C700139DF6 /* Products */ = {
			isa = PBXGroup;
			children = (
				D91219B5255D39C700139DF6 /* Image Gallery.app */,
			);
			name = Products;
			sourceTree = "<group>";
		};
		D91219B7255D39C700139DF6 /* Image Gallery */ = {
			isa = PBXGroup;
			children = (
				D91219B8255D39C700139DF6 /* AppDelegate.swift */,
				D91219BA255D39C700139DF6 /* SceneDelegate.swift */,
				D91219BC255D39C700139DF6 /* ViewController.swift */,
				D91219BE255D39C700139DF6 /* Main.storyboard */,
				D91219C4255D39C800139DF6 /* Assets.xcassets */,
				D91219C6255D39C800139DF6 /* LaunchScreen.storyboard */,
				D91219C9255D39C800139DF6 /* Info.plist */,
				D91219C1255D39C700139DF6 /* Image_Gallery.xcdatamodeld */,
				D9774D2C255D40FC0052E564 /* AlbumCell.swift */,
				D9774D2D255D40FC0052E564 /* AlbumCell.xib */,
			);
			path = "Image Gallery";
			sourceTree = "<group>";
		};
/* End PBXGroup section */

/* Begin PBXNativeTarget section */
		D91219B4255D39C700139DF6 /* Image Gallery */ = {
			isa = PBXNativeTarget;
			buildConfigurationList = D91219CC255D39C800139DF6 /* Build configuration list for PBXNativeTarget "Image Gallery" */;
			buildPhases = (
				653E9F73A3097E24B756D925 /* [CP] Check Pods Manifest.lock */,
				D91219B1255D39C700139DF6 /* Sources */,
				D91219B2255D39C700139DF6 /* Frameworks */,
				D91219B3255D39C700139DF6 /* Resources */,
				F372E9A87B476AA2880A8A04 /* [CP] Embed Pods Frameworks */,
			);
			buildRules = (
			);
			dependencies = (
			);
			name = "Image Gallery";
			productName = "Image Gallery";
			productReference = D91219B5255D39C700139DF6 /* Image Gallery.app */;
			productType = "com.apple.product-type.application";
		};
/* End PBXNativeTarget section */

/* Begin PBXProject section */
		D91219AD255D39C700139DF6 /* Project object */ = {
			isa = PBXProject;
			attributes = {
				LastSwiftUpdateCheck = 1210;
				LastUpgradeCheck = 1210;
				TargetAttributes = {
					D91219B4255D39C700139DF6 = {
						CreatedOnToolsVersion = 12.1;
					};
				};
			};
			buildConfigurationList = D91219B0255D39C700139DF6 /* Build configuration list for PBXProject "Image Gallery" */;
			compatibilityVersion = "Xcode 9.3";
			developmentRegion = en;
			hasScannedForEncodings = 0;
			knownRegions = (
				en,
				Base,
			);
			mainGroup = D91219AC255D39C700139DF6;
			productRefGroup = D91219B6255D39C700139DF6 /* Products */;
			projectDirPath = "";
			projectRoot = "";
			targets = (
				D91219B4255D39C700139DF6 /* Image Gallery */,
			);
		};
/* End PBXProject section */

/* Begin PBXResourcesBuildPhase section */
		D91219B3255D39C700139DF6 /* Resources */ = {
			isa = PBXResourcesBuildPhase;
			buildActionMask = 2147483647;
			files = (
				D91219C8255D39C800139DF6 /* LaunchScreen.storyboard in Resources */,
				D91219C5255D39C800139DF6 /* Assets.xcassets in Resources */,
				D91219C0255D39C700139DF6 /* Main.storyboard in Resources */,
				D9774D2F255D40FC0052E564 /* AlbumCell.xib in Resources */,
			);
			runOnlyForDeploymentPostprocessing = 0;
		};
/* End PBXResourcesBuildPhase section */

/* Begin PBXShellScriptBuildPhase section */
		653E9F73A3097E24B756D925 /* [CP] Check Pods Manifest.lock */ = {
			isa = PBXShellScriptBuildPhase;
			buildActionMask = 2147483647;
			files = (
			);
			inputFileListPaths = (
			);
			inputPaths = (
				"${PODS_PODFILE_DIR_PATH}/Podfile.lock",
				"${PODS_ROOT}/Manifest.lock",
			);
			name = "[CP] Check Pods Manifest.lock";
			outputFileListPaths = (
			);
			outputPaths = (
				"$(DERIVED_FILE_DIR)/Pods-Image Gallery-checkManifestLockResult.txt",
			);
			runOnlyForDeploymentPostprocessing = 0;
			shellPath = /bin/sh;
			shellScript = "diff \"${PODS_PODFILE_DIR_PATH}/Podfile.lock\" \"${PODS_ROOT}/Manifest.lock\" > /dev/null\nif [ $? != 0 ] ; then\n    # print error to STDERR\n    echo \"error: The sandbox is not in sync with the Podfile.lock. Run 'pod install' or update your CocoaPods installation.\" >&2\n    exit 1\nfi\n# This output is used by Xcode 'outputs' to avoid re-running this script phase.\necho \"SUCCESS\" > \"${SCRIPT_OUTPUT_FILE_0}\"\n";
			showEnvVarsInLog = 0;
		};
		F372E9A87B476AA2880A8A04 /* [CP] Embed Pods Frameworks */ = {
			isa = PBXShellScriptBuildPhase;
			buildActionMask = 2147483647;
			files = (
			);
			inputFileListPaths = (
				"${PODS_ROOT}/Target Support Files/Pods-Image Gallery/Pods-Image Gallery-frameworks-${CONFIGURATION}-input-files.xcfilelist",
			);
			name = "[CP] Embed Pods Frameworks";
			outputFileListPaths = (
				"${PODS_ROOT}/Target Support Files/Pods-Image Gallery/Pods-Image Gallery-frameworks-${CONFIGURATION}-output-files.xcfilelist",
			);
			runOnlyForDeploymentPostprocessing = 0;
			shellPath = /bin/sh;
			shellScript = "\"${PODS_ROOT}/Target Support Files/Pods-Image Gallery/Pods-Image Gallery-frameworks.sh\"\n";
			showEnvVarsInLog = 0;
		};
/* End PBXShellScriptBuildPhase section */

/* Begin PBXSourcesBuildPhase section */
		D91219B1255D39C700139DF6 /* Sources */ = {
			isa = PBXSourcesBuildPhase;
			buildActionMask = 2147483647;
			files = (
				D91219C3255D39C700139DF6 /* Image_Gallery.xcdatamodeld in Sources */,
				D91219BD255D39C700139DF6 /* ViewController.swift in Sources */,
				D9774D2E255D40FC0052E564 /* AlbumCell.swift in Sources */,
				D91219B9255D39C700139DF6 /* AppDelegate.swift in Sources */,
				D91219BB255D39C700139DF6 /* SceneDelegate.swift in Sources */,
			);
			runOnlyForDeploymentPostprocessing = 0;
		};
/* End PBXSourcesBuildPhase section */

/* Begin PBXVariantGroup section */
		D91219BE255D39C700139DF6 /* Main.storyboard */ = {
			isa = PBXVariantGroup;
			children = (
				D91219BF255D39C700139DF6 /* Base */,
			);
			name = Main.storyboard;
			sourceTree = "<group>";
		};
		D91219C6255D39C800139DF6 /* LaunchScreen.storyboard */ = {
			isa = PBXVariantGroup;
			children = (
				D91219C7255D39C800139DF6 /* Base */,
			);
			name = LaunchScreen.storyboard;
			sourceTree = "<group>";
		};
/* End PBXVariantGroup section */

/* Begin XCBuildConfiguration section */
		D91219CA255D39C800139DF6 /* Debug */ = {
			isa = XCBuildConfiguration;
			buildSettings = {
				ALWAYS_SEARCH_USER_PATHS = NO;
				CLANG_ANALYZER_NONNULL = YES;
				CLANG_ANALYZER_NUMBER_OBJECT_CONVERSION = YES_AGGRESSIVE;
				CLANG_CXX_LANGUAGE_STANDARD = "gnu++14";
				CLANG_CXX_LIBRARY = "libc++";
				CLANG_ENABLE_MODULES = YES;
				CLANG_ENABLE_OBJC_ARC = YES;
				CLANG_ENABLE_OBJC_WEAK = YES;
				CLANG_WARN_BLOCK_CAPTURE_AUTORELEASING = YES;
				CLANG_WARN_BOOL_CONVERSION = YES;
				CLANG_WARN_COMMA = YES;
				CLANG_WARN_CONSTANT_CONVERSION = YES;
				CLANG_WARN_DEPRECATED_OBJC_IMPLEMENTATIONS = YES;
				CLANG_WARN_DIRECT_OBJC_ISA_USAGE = YES_ERROR;
				CLANG_WARN_DOCUMENTATION_COMMENTS = YES;
				CLANG_WARN_EMPTY_BODY = YES;
				CLANG_WARN_ENUM_CONVERSION = YES;
				CLANG_WARN_INFINITE_RECURSION = YES;
				CLANG_WARN_INT_CONVERSION = YES;
				CLANG_WARN_NON_LITERAL_NULL_CONVERSION = YES;
				CLANG_WARN_OBJC_IMPLICIT_RETAIN_SELF = YES;
				CLANG_WARN_OBJC_LITERAL_CONVERSION = YES;
				CLANG_WARN_OBJC_ROOT_CLASS = YES_ERROR;
				CLANG_WARN_QUOTED_INCLUDE_IN_FRAMEWORK_HEADER = YES;
				CLANG_WARN_RANGE_LOOP_ANALYSIS = YES;
				CLANG_WARN_STRICT_PROTOTYPES = YES;
				CLANG_WARN_SUSPICIOUS_MOVE = YES;
				CLANG_WARN_UNGUARDED_AVAILABILITY = YES_AGGRESSIVE;
				CLANG_WARN_UNREACHABLE_CODE = YES;
				CLANG_WARN__DUPLICATE_METHOD_MATCH = YES;
				COPY_PHASE_STRIP = NO;
				DEBUG_INFORMATION_FORMAT = dwarf;
				ENABLE_STRICT_OBJC_MSGSEND = YES;
				ENABLE_TESTABILITY = YES;
				GCC_C_LANGUAGE_STANDARD = gnu11;
				GCC_DYNAMIC_NO_PIC = NO;
				GCC_NO_COMMON_BLOCKS = YES;
				GCC_OPTIMIZATION_LEVEL = 0;
				GCC_PREPROCESSOR_DEFINITIONS = (
					"DEBUG=1",
					"$(inherited)",
				);
				GCC_WARN_64_TO_32_BIT_CONVERSION = YES;
				GCC_WARN_ABOUT_RETURN_TYPE = YES_ERROR;
				GCC_WARN_UNDECLARED_SELECTOR = YES;
				GCC_WARN_UNINITIALIZED_AUTOS = YES_AGGRESSIVE;
				GCC_WARN_UNUSED_FUNCTION = YES;
				GCC_WARN_UNUSED_VARIABLE = YES;
				IPHONEOS_DEPLOYMENT_TARGET = 14.1;
				MTL_ENABLE_DEBUG_INFO = INCLUDE_SOURCE;
				MTL_FAST_MATH = YES;
				ONLY_ACTIVE_ARCH = YES;
				SDKROOT = iphoneos;
				SWIFT_ACTIVE_COMPILATION_CONDITIONS = DEBUG;
				SWIFT_OPTIMIZATION_LEVEL = "-Onone";
			};
			name = Debug;
		};
		D91219CB255D39C800139DF6 /* Release */ = {
			isa = XCBuildConfiguration;
			buildSettings = {
				ALWAYS_SEARCH_USER_PATHS = NO;
				CLANG_ANALYZER_NONNULL = YES;
				CLANG_ANALYZER_NUMBER_OBJECT_CONVERSION = YES_AGGRESSIVE;
				CLANG_CXX_LANGUAGE_STANDARD = "gnu++14";
				CLANG_CXX_LIBRARY = "libc++";
				CLANG_ENABLE_MODULES = YES;
				CLANG_ENABLE_OBJC_ARC = YES;
				CLANG_ENABLE_OBJC_WEAK = YES;
				CLANG_WARN_BLOCK_CAPTURE_AUTORELEASING = YES;
				CLANG_WARN_BOOL_CONVERSION = YES;
				CLANG_WARN_COMMA = YES;
				CLANG_WARN_CONSTANT_CONVERSION = YES;
				CLANG_WARN_DEPRECATED_OBJC_IMPLEMENTATIONS = YES;
				CLANG_WARN_DIRECT_OBJC_ISA_USAGE = YES_ERROR;
				CLANG_WARN_DOCUMENTATION_COMMENTS = YES;
				CLANG_WARN_EMPTY_BODY = YES;
				CLANG_WARN_ENUM_CONVERSION = YES;
				CLANG_WARN_INFINITE_RECURSION = YES;
				CLANG_WARN_INT_CONVERSION = YES;
				CLANG_WARN_NON_LITERAL_NULL_CONVERSION = YES;
				CLANG_WARN_OBJC_IMPLICIT_RETAIN_SELF = YES;
				CLANG_WARN_OBJC_LITERAL_CONVERSION = YES;
				CLANG_WARN_OBJC_ROOT_CLASS = YES_ERROR;
				CLANG_WARN_QUOTED_INCLUDE_IN_FRAMEWORK_HEADER = YES;
				CLANG_WARN_RANGE_LOOP_ANALYSIS = YES;
				CLANG_WARN_STRICT_PROTOTYPES = YES;
				CLANG_WARN_SUSPICIOUS_MOVE = YES;
				CLANG_WARN_UNGUARDED_AVAILABILITY = YES_AGGRESSIVE;
				CLANG_WARN_UNREACHABLE_CODE = YES;
				CLANG_WARN__DUPLICATE_METHOD_MATCH = YES;
				COPY_PHASE_STRIP = NO;
				DEBUG_INFORMATION_FORMAT = "dwarf-with-dsym";
				ENABLE_NS_ASSERTIONS = NO;
				ENABLE_STRICT_OBJC_MSGSEND = YES;
				GCC_C_LANGUAGE_STANDARD = gnu11;
				GCC_NO_COMMON_BLOCKS = YES;
				GCC_WARN_64_TO_32_BIT_CONVERSION = YES;
				GCC_WARN_ABOUT_RETURN_TYPE = YES_ERROR;
				GCC_WARN_UNDECLARED_SELECTOR = YES;
				GCC_WARN_UNINITIALIZED_AUTOS = YES_AGGRESSIVE;
				GCC_WARN_UNUSED_FUNCTION = YES;
				GCC_WARN_UNUSED_VARIABLE = YES;
				IPHONEOS_DEPLOYMENT_TARGET = 14.1;
				MTL_ENABLE_DEBUG_INFO = NO;
				MTL_FAST_MATH = YES;
				SDKROOT = iphoneos;
				SWIFT_COMPILATION_MODE = wholemodule;
				SWIFT_OPTIMIZATION_LEVEL = "-O";
				VALIDATE_PRODUCT = YES;
			};
			name = Release;
		};
		D91219CD255D39C800139DF6 /* Debug */ = {
			isa = XCBuildConfiguration;
			baseConfigurationReference = 83ACB1CF5BFBF93BB08FCB8C /* Pods-Image Gallery.debug.xcconfig */;
			buildSettings = {
				ASSETCATALOG_COMPILER_APPICON_NAME = AppIcon;
				ASSETCATALOG_COMPILER_GLOBAL_ACCENT_COLOR_NAME = AccentColor;
				CODE_SIGN_STYLE = Automatic;
				DEVELOPMENT_TEAM = L374LBWQCY;
				INFOPLIST_FILE = "Image Gallery/Info.plist";
				IPHONEOS_DEPLOYMENT_TARGET = 13.0;
				LD_RUNPATH_SEARCH_PATHS = (
					"$(inherited)",
					"@executable_path/Frameworks",
				);
				PRODUCT_BUNDLE_IDENTIFIER = "luis.Image-Gallery";
				PRODUCT_NAME = "$(TARGET_NAME)";
				SWIFT_VERSION = 5.0;
				TARGETED_DEVICE_FAMILY = "1,2";
			};
			name = Debug;
		};
		D91219CE255D39C800139DF6 /* Release */ = {
			isa = XCBuildConfiguration;
			baseConfigurationReference = A1CA427DFF8F897E2A3C6EEF /* Pods-Image Gallery.release.xcconfig */;
			buildSettings = {
				ASSETCATALOG_COMPILER_APPICON_NAME = AppIcon;
				ASSETCATALOG_COMPILER_GLOBAL_ACCENT_COLOR_NAME = AccentColor;
				CODE_SIGN_STYLE = Automatic;
				DEVELOPMENT_TEAM = L374LBWQCY;
				INFOPLIST_FILE = "Image Gallery/Info.plist";
				IPHONEOS_DEPLOYMENT_TARGET = 13.0;
				LD_RUNPATH_SEARCH_PATHS = (
					"$(inherited)",
					"@executable_path/Frameworks",
				);
				PRODUCT_BUNDLE_IDENTIFIER = "luis.Image-Gallery";
				PRODUCT_NAME = "$(TARGET_NAME)";
				SWIFT_VERSION = 5.0;
				TARGETED_DEVICE_FAMILY = "1,2";
			};
			name = Release;
		};
/* End XCBuildConfiguration section */

/* Begin XCConfigurationList section */
		D91219B0255D39C700139DF6 /* Build configuration list for PBXProject "Image Gallery" */ = {
			isa = XCConfigurationList;
			buildConfigurations = (
				D91219CA255D39C800139DF6 /* Debug */,
				D91219CB255D39C800139DF6 /* Release */,
			);
			defaultConfigurationIsVisible = 0;
			defaultConfigurationName = Release;
		};
		D91219CC255D39C800139DF6 /* Build configuration list for PBXNativeTarget "Image Gallery" */ = {
			isa = XCConfigurationList;
			buildConfigurations = (
				D91219CD255D39C800139DF6 /* Debug */,
				D91219CE255D39C800139DF6 /* Release */,
			);
			defaultConfigurationIsVisible = 0;
			defaultConfigurationName = Release;
		};
/* End XCConfigurationList section */

/* Begin XCVersionGroup section */
		D91219C1255D39C700139DF6 /* Image_Gallery.xcdatamodeld */ = {
			isa = XCVersionGroup;
			children = (
				D91219C2255D39C700139DF6 /* Image_Gallery.xcdatamodel */,
			);
			currentVersion = D91219C2255D39C700139DF6 /* Image_Gallery.xcdatamodel */;
			path = Image_Gallery.xcdatamodeld;
			sourceTree = "<group>";
			versionGroupType = wrapper.xcdatamodel;
		};
/* End XCVersionGroup section */
	};
	rootObject = D91219AD255D39C700139DF6 /* Project object */;
}
